// !$*UTF8*$!
{
	archiveVersion = 1;
	classes = {
	};
	objectVersion = 56;
	objects = {

/* Begin PBXBuildFile section */
		3C062F772BA3856E00EF6784 /* FeedView.swift in Sources */ = {isa = PBXBuildFile; fileRef = 3C062F762BA3856E00EF6784 /* FeedView.swift */; };
		3C062F792BA387B700EF6784 /* SectionView.swift in Sources */ = {isa = PBXBuildFile; fileRef = 3C062F782BA387B700EF6784 /* SectionView.swift */; };
		3C2853B72BA484FF007E93D9 /* CertificateModel.swift in Sources */ = {isa = PBXBuildFile; fileRef = 3C2853B62BA484FF007E93D9 /* CertificateModel.swift */; };
		3C2853B92BA48D26007E93D9 /* UserModel.swift in Sources */ = {isa = PBXBuildFile; fileRef = 3C2853B82BA48D26007E93D9 /* UserModel.swift */; };
		3C2853BB2BA496D7007E93D9 /* DataArrayObject.swift in Sources */ = {isa = PBXBuildFile; fileRef = 3C2853BA2BA496D7007E93D9 /* DataArrayObject.swift */; };
		3C2853BD2BA49B13007E93D9 /* CertificateView.swift in Sources */ = {isa = PBXBuildFile; fileRef = 3C2853BC2BA49B13007E93D9 /* CertificateView.swift */; };
		3C3E0C0A2BA1BA470087500C /* Extensions.swift in Sources */ = {isa = PBXBuildFile; fileRef = 3C3E0C092BA1BA470087500C /* Extensions.swift */; };
		3C5691152BD2B57C008BA524 /* ProfileView.swift in Sources */ = {isa = PBXBuildFile; fileRef = 3C5691142BD2B57C008BA524 /* ProfileView.swift */; };
		3C5691172BD2B716008BA524 /* ProfileHeaderView.swift in Sources */ = {isa = PBXBuildFile; fileRef = 3C5691162BD2B716008BA524 /* ProfileHeaderView.swift */; };
		3C5691192BD2D03A008BA524 /* SettingsView.swift in Sources */ = {isa = PBXBuildFile; fileRef = 3C5691182BD2D03A008BA524 /* SettingsView.swift */; };
		3C56911B2BD2D27A008BA524 /* SettingsLabelView.swift in Sources */ = {isa = PBXBuildFile; fileRef = 3C56911A2BD2D27A008BA524 /* SettingsLabelView.swift */; };
		3C56911D2BD2E3E6008BA524 /* SettingsRowView.swift in Sources */ = {isa = PBXBuildFile; fileRef = 3C56911C2BD2E3E6008BA524 /* SettingsRowView.swift */; };
		3C5E2A6E2BD812A4003F82F4 /* SettingsEditTextView.swift in Sources */ = {isa = PBXBuildFile; fileRef = 3C5E2A6D2BD812A4003F82F4 /* SettingsEditTextView.swift */; };
		3C5E2A702BD819C4003F82F4 /* SettingsEditImageView.swift in Sources */ = {isa = PBXBuildFile; fileRef = 3C5E2A6F2BD819C4003F82F4 /* SettingsEditImageView.swift */; };
		3C5E2A722BD81CB2003F82F4 /* SignUpView.swift in Sources */ = {isa = PBXBuildFile; fileRef = 3C5E2A712BD81CB2003F82F4 /* SignUpView.swift */; };
		3C68BA502BCE9ED800E1093B /* MiniCertificateView.swift in Sources */ = {isa = PBXBuildFile; fileRef = 3C68BA4F2BCE9ED800E1093B /* MiniCertificateView.swift */; };
		3CDD1FAA2BA1A155009549E7 /* CertificateAppV2App.swift in Sources */ = {isa = PBXBuildFile; fileRef = 3CDD1FA92BA1A155009549E7 /* CertificateAppV2App.swift */; };
		3CDD1FAC2BA1A155009549E7 /* ContentView.swift in Sources */ = {isa = PBXBuildFile; fileRef = 3CDD1FAB2BA1A155009549E7 /* ContentView.swift */; };
		3CDD1FAE2BA1A156009549E7 /* Assets.xcassets in Resources */ = {isa = PBXBuildFile; fileRef = 3CDD1FAD2BA1A156009549E7 /* Assets.xcassets */; };
		3CDD1FB12BA1A156009549E7 /* Preview Assets.xcassets in Resources */ = {isa = PBXBuildFile; fileRef = 3CDD1FB02BA1A156009549E7 /* Preview Assets.xcassets */; };
		3CDD1FF32BA1B1FD009549E7 /* LaunchScreen.storyboard in Resources */ = {isa = PBXBuildFile; fileRef = 3CDD1FF22BA1B1FD009549E7 /* LaunchScreen.storyboard */; };
/* End PBXBuildFile section */

/* Begin PBXFileReference section */
		3C062F762BA3856E00EF6784 /* FeedView.swift */ = {isa = PBXFileReference; lastKnownFileType = sourcecode.swift; path = FeedView.swift; sourceTree = "<group>"; };
		3C062F782BA387B700EF6784 /* SectionView.swift */ = {isa = PBXFileReference; lastKnownFileType = sourcecode.swift; path = SectionView.swift; sourceTree = "<group>"; };
		3C2853B62BA484FF007E93D9 /* CertificateModel.swift */ = {isa = PBXFileReference; lastKnownFileType = sourcecode.swift; path = CertificateModel.swift; sourceTree = "<group>"; };
		3C2853B82BA48D26007E93D9 /* UserModel.swift */ = {isa = PBXFileReference; lastKnownFileType = sourcecode.swift; path = UserModel.swift; sourceTree = "<group>"; };
		3C2853BA2BA496D7007E93D9 /* DataArrayObject.swift */ = {isa = PBXFileReference; lastKnownFileType = sourcecode.swift; path = DataArrayObject.swift; sourceTree = "<group>"; };
		3C2853BC2BA49B13007E93D9 /* CertificateView.swift */ = {isa = PBXFileReference; lastKnownFileType = sourcecode.swift; path = CertificateView.swift; sourceTree = "<group>"; };
		3C3E0C092BA1BA470087500C /* Extensions.swift */ = {isa = PBXFileReference; lastKnownFileType = sourcecode.swift; path = Extensions.swift; sourceTree = "<group>"; };
		3C5691142BD2B57C008BA524 /* ProfileView.swift */ = {isa = PBXFileReference; lastKnownFileType = sourcecode.swift; path = ProfileView.swift; sourceTree = "<group>"; };
		3C5691162BD2B716008BA524 /* ProfileHeaderView.swift */ = {isa = PBXFileReference; lastKnownFileType = sourcecode.swift; path = ProfileHeaderView.swift; sourceTree = "<group>"; };
		3C5691182BD2D03A008BA524 /* SettingsView.swift */ = {isa = PBXFileReference; lastKnownFileType = sourcecode.swift; path = SettingsView.swift; sourceTree = "<group>"; };
		3C56911A2BD2D27A008BA524 /* SettingsLabelView.swift */ = {isa = PBXFileReference; lastKnownFileType = sourcecode.swift; path = SettingsLabelView.swift; sourceTree = "<group>"; };
		3C56911C2BD2E3E6008BA524 /* SettingsRowView.swift */ = {isa = PBXFileReference; lastKnownFileType = sourcecode.swift; path = SettingsRowView.swift; sourceTree = "<group>"; };
		3C5E2A6D2BD812A4003F82F4 /* SettingsEditTextView.swift */ = {isa = PBXFileReference; lastKnownFileType = sourcecode.swift; path = SettingsEditTextView.swift; sourceTree = "<group>"; };
		3C5E2A6F2BD819C4003F82F4 /* SettingsEditImageView.swift */ = {isa = PBXFileReference; lastKnownFileType = sourcecode.swift; path = SettingsEditImageView.swift; sourceTree = "<group>"; };
		3C5E2A712BD81CB2003F82F4 /* SignUpView.swift */ = {isa = PBXFileReference; lastKnownFileType = sourcecode.swift; path = SignUpView.swift; sourceTree = "<group>"; };
		3C68BA4F2BCE9ED800E1093B /* MiniCertificateView.swift */ = {isa = PBXFileReference; lastKnownFileType = sourcecode.swift; path = MiniCertificateView.swift; sourceTree = "<group>"; };
		3CDD1FA62BA1A155009549E7 /* CertificateAppV2.app */ = {isa = PBXFileReference; explicitFileType = wrapper.application; includeInIndex = 0; path = CertificateAppV2.app; sourceTree = BUILT_PRODUCTS_DIR; };
		3CDD1FA92BA1A155009549E7 /* CertificateAppV2App.swift */ = {isa = PBXFileReference; lastKnownFileType = sourcecode.swift; path = CertificateAppV2App.swift; sourceTree = "<group>"; };
		3CDD1FAB2BA1A155009549E7 /* ContentView.swift */ = {isa = PBXFileReference; lastKnownFileType = sourcecode.swift; path = ContentView.swift; sourceTree = "<group>"; };
		3CDD1FAD2BA1A156009549E7 /* Assets.xcassets */ = {isa = PBXFileReference; lastKnownFileType = folder.assetcatalog; path = Assets.xcassets; sourceTree = "<group>"; };
		3CDD1FB02BA1A156009549E7 /* Preview Assets.xcassets */ = {isa = PBXFileReference; lastKnownFileType = folder.assetcatalog; path = "Preview Assets.xcassets"; sourceTree = "<group>"; };
		3CDD1FF22BA1B1FD009549E7 /* LaunchScreen.storyboard */ = {isa = PBXFileReference; lastKnownFileType = file.storyboard; path = LaunchScreen.storyboard; sourceTree = "<group>"; };
/* End PBXFileReference section */

/* Begin PBXFrameworksBuildPhase section */
		3CDD1FA32BA1A155009549E7 /* Frameworks */ = {
			isa = PBXFrameworksBuildPhase;
			buildActionMask = 2147483647;
			files = (
			);
			runOnlyForDeploymentPostprocessing = 0;
		};
/* End PBXFrameworksBuildPhase section */

/* Begin PBXGroup section */
		3C3E0C082BA1BA280087500C /* Helpers */ = {
			isa = PBXGroup;
			children = (
				3C3E0C092BA1BA470087500C /* Extensions.swift */,
			);
			path = Helpers;
			sourceTree = "<group>";
		};
		3C4D144A2BA3983E004DB7D8 /* Model */ = {
			isa = PBXGroup;
			children = (
				3C2853B62BA484FF007E93D9 /* CertificateModel.swift */,
				3C2853B82BA48D26007E93D9 /* UserModel.swift */,
				3C2853BA2BA496D7007E93D9 /* DataArrayObject.swift */,
			);
			path = Model;
			sourceTree = "<group>";
		};
		3CDD1F9D2BA1A155009549E7 = {
			isa = PBXGroup;
			children = (
				3CDD1FA82BA1A155009549E7 /* CertificateAppV2 */,
				3CDD1FA72BA1A155009549E7 /* Products */,
			);
			sourceTree = "<group>";
		};
		3CDD1FA72BA1A155009549E7 /* Products */ = {
			isa = PBXGroup;
			children = (
				3CDD1FA62BA1A155009549E7 /* CertificateAppV2.app */,
			);
			name = Products;
			sourceTree = "<group>";
		};
		3CDD1FA82BA1A155009549E7 /* CertificateAppV2 */ = {
			isa = PBXGroup;
			children = (
				3C4D144A2BA3983E004DB7D8 /* Model */,
				3C3E0C082BA1BA280087500C /* Helpers */,
				3CDD1FF42BA1B64F009549E7 /* Views */,
				3CDD1FAD2BA1A156009549E7 /* Assets.xcassets */,
				3CDD1FAF2BA1A156009549E7 /* Preview Content */,
				3CDD1FF22BA1B1FD009549E7 /* LaunchScreen.storyboard */,
			);
			path = CertificateAppV2;
			sourceTree = "<group>";
		};
		3CDD1FAF2BA1A156009549E7 /* Preview Content */ = {
			isa = PBXGroup;
			children = (
				3CDD1FB02BA1A156009549E7 /* Preview Assets.xcassets */,
			);
			path = "Preview Content";
			sourceTree = "<group>";
		};
		3CDD1FF42BA1B64F009549E7 /* Views */ = {
			isa = PBXGroup;
			children = (
				3CDD1FF62BA1B66A009549E7 /* Subviews */,
				3CDD1FF52BA1B664009549E7 /* Screens */,
			);
			path = Views;
			sourceTree = "<group>";
		};
		3CDD1FF52BA1B664009549E7 /* Screens */ = {
			isa = PBXGroup;
			children = (
				3CDD1FA92BA1A155009549E7 /* CertificateAppV2App.swift */,
				3CDD1FAB2BA1A155009549E7 /* ContentView.swift */,
				3C062F762BA3856E00EF6784 /* FeedView.swift */,
				3C2853BC2BA49B13007E93D9 /* CertificateView.swift */,
				3C5691142BD2B57C008BA524 /* ProfileView.swift */,
				3C5691182BD2D03A008BA524 /* SettingsView.swift */,
				3C5E2A6D2BD812A4003F82F4 /* SettingsEditTextView.swift */,
				3C5E2A6F2BD819C4003F82F4 /* SettingsEditImageView.swift */,
				3C5E2A712BD81CB2003F82F4 /* SignUpView.swift */,
			);
			path = Screens;
			sourceTree = "<group>";
		};
		3CDD1FF62BA1B66A009549E7 /* Subviews */ = {
			isa = PBXGroup;
			children = (
				3C062F782BA387B700EF6784 /* SectionView.swift */,
				3C68BA4F2BCE9ED800E1093B /* MiniCertificateView.swift */,
				3C5691162BD2B716008BA524 /* ProfileHeaderView.swift */,
				3C56911A2BD2D27A008BA524 /* SettingsLabelView.swift */,
				3C56911C2BD2E3E6008BA524 /* SettingsRowView.swift */,
			);
			path = Subviews;
			sourceTree = "<group>";
		};
/* End PBXGroup section */

/* Begin PBXNativeTarget section */
		3CDD1FA52BA1A155009549E7 /* CertificateAppV2 */ = {
			isa = PBXNativeTarget;
			buildConfigurationList = 3CDD1FB42BA1A156009549E7 /* Build configuration list for PBXNativeTarget "CertificateAppV2" */;
			buildPhases = (
				3CDD1FA22BA1A155009549E7 /* Sources */,
				3CDD1FA32BA1A155009549E7 /* Frameworks */,
				3CDD1FA42BA1A155009549E7 /* Resources */,
			);
			buildRules = (
			);
			dependencies = (
			);
			name = CertificateAppV2;
			productName = CertificateAppV2;
			productReference = 3CDD1FA62BA1A155009549E7 /* CertificateAppV2.app */;
			productType = "com.apple.product-type.application";
		};
/* End PBXNativeTarget section */

/* Begin PBXProject section */
		3CDD1F9E2BA1A155009549E7 /* Project object */ = {
			isa = PBXProject;
			attributes = {
				BuildIndependentTargetsInParallel = 1;
				LastSwiftUpdateCheck = 1500;
				LastUpgradeCheck = 1500;
				TargetAttributes = {
					3CDD1FA52BA1A155009549E7 = {
						CreatedOnToolsVersion = 15.0.1;
					};
				};
			};
			buildConfigurationList = 3CDD1FA12BA1A155009549E7 /* Build configuration list for PBXProject "CertificateAppV2" */;
			compatibilityVersion = "Xcode 14.0";
			developmentRegion = en;
			hasScannedForEncodings = 0;
			knownRegions = (
				en,
				Base,
			);
			mainGroup = 3CDD1F9D2BA1A155009549E7;
			productRefGroup = 3CDD1FA72BA1A155009549E7 /* Products */;
			projectDirPath = "";
			projectRoot = "";
			targets = (
				3CDD1FA52BA1A155009549E7 /* CertificateAppV2 */,
			);
		};
/* End PBXProject section */

/* Begin PBXResourcesBuildPhase section */
		3CDD1FA42BA1A155009549E7 /* Resources */ = {
			isa = PBXResourcesBuildPhase;
			buildActionMask = 2147483647;
			files = (
				3CDD1FF32BA1B1FD009549E7 /* LaunchScreen.storyboard in Resources */,
				3CDD1FB12BA1A156009549E7 /* Preview Assets.xcassets in Resources */,
				3CDD1FAE2BA1A156009549E7 /* Assets.xcassets in Resources */,
			);
			runOnlyForDeploymentPostprocessing = 0;
		};
/* End PBXResourcesBuildPhase section */

/* Begin PBXSourcesBuildPhase section */
		3CDD1FA22BA1A155009549E7 /* Sources */ = {
			isa = PBXSourcesBuildPhase;
			buildActionMask = 2147483647;
			files = (
				3C062F772BA3856E00EF6784 /* FeedView.swift in Sources */,
				3C2853B92BA48D26007E93D9 /* UserModel.swift in Sources */,
				3C56911D2BD2E3E6008BA524 /* SettingsRowView.swift in Sources */,
				3C5E2A702BD819C4003F82F4 /* SettingsEditImageView.swift in Sources */,
				3C2853B72BA484FF007E93D9 /* CertificateModel.swift in Sources */,
				3CDD1FAC2BA1A155009549E7 /* ContentView.swift in Sources */,
				3C3E0C0A2BA1BA470087500C /* Extensions.swift in Sources */,
				3C2853BD2BA49B13007E93D9 /* CertificateView.swift in Sources */,
				3C062F792BA387B700EF6784 /* SectionView.swift in Sources */,
				3C5691172BD2B716008BA524 /* ProfileHeaderView.swift in Sources */,
				3C2853BB2BA496D7007E93D9 /* DataArrayObject.swift in Sources */,
				3CDD1FAA2BA1A155009549E7 /* CertificateAppV2App.swift in Sources */,
				3C56911B2BD2D27A008BA524 /* SettingsLabelView.swift in Sources */,
				3C5E2A6E2BD812A4003F82F4 /* SettingsEditTextView.swift in Sources */,
				3C5691152BD2B57C008BA524 /* ProfileView.swift in Sources */,
				3C68BA502BCE9ED800E1093B /* MiniCertificateView.swift in Sources */,
				3C5E2A722BD81CB2003F82F4 /* SignUpView.swift in Sources */,
				3C5691192BD2D03A008BA524 /* SettingsView.swift in Sources */,
			);
			runOnlyForDeploymentPostprocessing = 0;
		};
/* End PBXSourcesBuildPhase section */

/* Begin XCBuildConfiguration section */
		3CDD1FB22BA1A156009549E7 /* Debug */ = {
			isa = XCBuildConfiguration;
			buildSettings = {
				ALWAYS_SEARCH_USER_PATHS = NO;
				ASSETCATALOG_COMPILER_GENERATE_SWIFT_ASSET_SYMBOL_EXTENSIONS = YES;
				CLANG_ANALYZER_NONNULL = YES;
				CLANG_ANALYZER_NUMBER_OBJECT_CONVERSION = YES_AGGRESSIVE;
				CLANG_CXX_LANGUAGE_STANDARD = "gnu++20";
				CLANG_ENABLE_MODULES = YES;
				CLANG_ENABLE_OBJC_ARC = YES;
				CLANG_ENABLE_OBJC_WEAK = YES;
				CLANG_WARN_BLOCK_CAPTURE_AUTORELEASING = YES;
				CLANG_WARN_BOOL_CONVERSION = YES;
				CLANG_WARN_COMMA = YES;
				CLANG_WARN_CONSTANT_CONVERSION = YES;
				CLANG_WARN_DEPRECATED_OBJC_IMPLEMENTATIONS = YES;
				CLANG_WARN_DIRECT_OBJC_ISA_USAGE = YES_ERROR;
				CLANG_WARN_DOCUMENTATION_COMMENTS = YES;
				CLANG_WARN_EMPTY_BODY = YES;
				CLANG_WARN_ENUM_CONVERSION = YES;
				CLANG_WARN_INFINITE_RECURSION = YES;
				CLANG_WARN_INT_CONVERSION = YES;
				CLANG_WARN_NON_LITERAL_NULL_CONVERSION = YES;
				CLANG_WARN_OBJC_IMPLICIT_RETAIN_SELF = YES;
				CLANG_WARN_OBJC_LITERAL_CONVERSION = YES;
				CLANG_WARN_OBJC_ROOT_CLASS = YES_ERROR;
				CLANG_WARN_QUOTED_INCLUDE_IN_FRAMEWORK_HEADER = YES;
				CLANG_WARN_RANGE_LOOP_ANALYSIS = YES;
				CLANG_WARN_STRICT_PROTOTYPES = YES;
				CLANG_WARN_SUSPICIOUS_MOVE = YES;
				CLANG_WARN_UNGUARDED_AVAILABILITY = YES_AGGRESSIVE;
				CLANG_WARN_UNREACHABLE_CODE = YES;
				CLANG_WARN__DUPLICATE_METHOD_MATCH = YES;
				COPY_PHASE_STRIP = NO;
				DEBUG_INFORMATION_FORMAT = dwarf;
				ENABLE_STRICT_OBJC_MSGSEND = YES;
				ENABLE_TESTABILITY = YES;
				ENABLE_USER_SCRIPT_SANDBOXING = YES;
				GCC_C_LANGUAGE_STANDARD = gnu17;
				GCC_DYNAMIC_NO_PIC = NO;
				GCC_NO_COMMON_BLOCKS = YES;
				GCC_OPTIMIZATION_LEVEL = 0;
				GCC_PREPROCESSOR_DEFINITIONS = (
					"DEBUG=1",
					"$(inherited)",
				);
				GCC_WARN_64_TO_32_BIT_CONVERSION = YES;
				GCC_WARN_ABOUT_RETURN_TYPE = YES_ERROR;
				GCC_WARN_UNDECLARED_SELECTOR = YES;
				GCC_WARN_UNINITIALIZED_AUTOS = YES_AGGRESSIVE;
				GCC_WARN_UNUSED_FUNCTION = YES;
				GCC_WARN_UNUSED_VARIABLE = YES;
				IPHONEOS_DEPLOYMENT_TARGET = 17.0;
				LOCALIZATION_PREFERS_STRING_CATALOGS = YES;
				MTL_ENABLE_DEBUG_INFO = INCLUDE_SOURCE;
				MTL_FAST_MATH = YES;
				ONLY_ACTIVE_ARCH = YES;
				SDKROOT = iphoneos;
				SWIFT_ACTIVE_COMPILATION_CONDITIONS = "DEBUG $(inherited)";
				SWIFT_OPTIMIZATION_LEVEL = "-Onone";
			};
			name = Debug;
		};
		3CDD1FB32BA1A156009549E7 /* Release */ = {
			isa = XCBuildConfiguration;
			buildSettings = {
				ALWAYS_SEARCH_USER_PATHS = NO;
				ASSETCATALOG_COMPILER_GENERATE_SWIFT_ASSET_SYMBOL_EXTENSIONS = YES;
				CLANG_ANALYZER_NONNULL = YES;
				CLANG_ANALYZER_NUMBER_OBJECT_CONVERSION = YES_AGGRESSIVE;
				CLANG_CXX_LANGUAGE_STANDARD = "gnu++20";
				CLANG_ENABLE_MODULES = YES;
				CLANG_ENABLE_OBJC_ARC = YES;
				CLANG_ENABLE_OBJC_WEAK = YES;
				CLANG_WARN_BLOCK_CAPTURE_AUTORELEASING = YES;
				CLANG_WARN_BOOL_CONVERSION = YES;
				CLANG_WARN_COMMA = YES;
				CLANG_WARN_CONSTANT_CONVERSION = YES;
				CLANG_WARN_DEPRECATED_OBJC_IMPLEMENTATIONS = YES;
				CLANG_WARN_DIRECT_OBJC_ISA_USAGE = YES_ERROR;
				CLANG_WARN_DOCUMENTATION_COMMENTS = YES;
				CLANG_WARN_EMPTY_BODY = YES;
				CLANG_WARN_ENUM_CONVERSION = YES;
				CLANG_WARN_INFINITE_RECURSION = YES;
				CLANG_WARN_INT_CONVERSION = YES;
				CLANG_WARN_NON_LITERAL_NULL_CONVERSION = YES;
				CLANG_WARN_OBJC_IMPLICIT_RETAIN_SELF = YES;
				CLANG_WARN_OBJC_LITERAL_CONVERSION = YES;
				CLANG_WARN_OBJC_ROOT_CLASS = YES_ERROR;
				CLANG_WARN_QUOTED_INCLUDE_IN_FRAMEWORK_HEADER = YES;
				CLANG_WARN_RANGE_LOOP_ANALYSIS = YES;
				CLANG_WARN_STRICT_PROTOTYPES = YES;
				CLANG_WARN_SUSPICIOUS_MOVE = YES;
				CLANG_WARN_UNGUARDED_AVAILABILITY = YES_AGGRESSIVE;
				CLANG_WARN_UNREACHABLE_CODE = YES;
				CLANG_WARN__DUPLICATE_METHOD_MATCH = YES;
				COPY_PHASE_STRIP = NO;
				DEBUG_INFORMATION_FORMAT = "dwarf-with-dsym";
				ENABLE_NS_ASSERTIONS = NO;
				ENABLE_STRICT_OBJC_MSGSEND = YES;
				ENABLE_USER_SCRIPT_SANDBOXING = YES;
				GCC_C_LANGUAGE_STANDARD = gnu17;
				GCC_NO_COMMON_BLOCKS = YES;
				GCC_WARN_64_TO_32_BIT_CONVERSION = YES;
				GCC_WARN_ABOUT_RETURN_TYPE = YES_ERROR;
				GCC_WARN_UNDECLARED_SELECTOR = YES;
				GCC_WARN_UNINITIALIZED_AUTOS = YES_AGGRESSIVE;
				GCC_WARN_UNUSED_FUNCTION = YES;
				GCC_WARN_UNUSED_VARIABLE = YES;
				IPHONEOS_DEPLOYMENT_TARGET = 17.0;
				LOCALIZATION_PREFERS_STRING_CATALOGS = YES;
				MTL_ENABLE_DEBUG_INFO = NO;
				MTL_FAST_MATH = YES;
				SDKROOT = iphoneos;
				SWIFT_COMPILATION_MODE = wholemodule;
				VALIDATE_PRODUCT = YES;
			};
			name = Release;
		};
		3CDD1FB52BA1A156009549E7 /* Debug */ = {
			isa = XCBuildConfiguration;
			buildSettings = {
				ASSETCATALOG_COMPILER_APPICON_NAME = AppIcon;
				ASSETCATALOG_COMPILER_GLOBAL_ACCENT_COLOR_NAME = AccentColor;
				CODE_SIGN_STYLE = Automatic;
				CURRENT_PROJECT_VERSION = 1;
				DEVELOPMENT_ASSET_PATHS = "\"CertificateAppV2/Preview Content\"";
				DEVELOPMENT_TEAM = 6MWF9AZ2FP;
				ENABLE_PREVIEWS = YES;
				GENERATE_INFOPLIST_FILE = YES;
				INFOPLIST_KEY_UIApplicationSceneManifest_Generation = YES;
				INFOPLIST_KEY_UIApplicationSupportsIndirectInputEvents = YES;
				INFOPLIST_KEY_UILaunchScreen_Generation = YES;
				INFOPLIST_KEY_UILaunchStoryboardName = LaunchScreen.storyboard;
				INFOPLIST_KEY_UISupportedInterfaceOrientations = UIInterfaceOrientationPortrait;
				INFOPLIST_KEY_UISupportedInterfaceOrientations_iPad = "UIInterfaceOrientationLandscapeLeft UIInterfaceOrientationLandscapeRight UIInterfaceOrientationPortrait UIInterfaceOrientationPortraitUpsideDown";
				LD_RUNPATH_SEARCH_PATHS = (
					"$(inherited)",
					"@executable_path/Frameworks",
				);
				MARKETING_VERSION = 1.0;
				PRODUCT_BUNDLE_IDENTIFIER = com.edaeren.CertificateAppV2;
				PRODUCT_NAME = "$(TARGET_NAME)";
				SUPPORTED_PLATFORMS = "iphoneos iphonesimulator";
				SUPPORTS_MACCATALYST = NO;
				SWIFT_EMIT_LOC_STRINGS = YES;
				SWIFT_VERSION = 5.0;
				TARGETED_DEVICE_FAMILY = 1;
			};
			name = Debug;
		};
		3CDD1FB62BA1A156009549E7 /* Release */ = {
			isa = XCBuildConfiguration;
			buildSettings = {
				ASSETCATALOG_COMPILER_APPICON_NAME = AppIcon;
				ASSETCATALOG_COMPILER_GLOBAL_ACCENT_COLOR_NAME = AccentColor;
				CODE_SIGN_STYLE = Automatic;
				CURRENT_PROJECT_VERSION = 1;
				DEVELOPMENT_ASSET_PATHS = "\"CertificateAppV2/Preview Content\"";
				DEVELOPMENT_TEAM = 6MWF9AZ2FP;
				ENABLE_PREVIEWS = YES;
				GENERATE_INFOPLIST_FILE = YES;
				INFOPLIST_KEY_UIApplicationSceneManifest_Generation = YES;
				INFOPLIST_KEY_UIApplicationSupportsIndirectInputEvents = YES;
				INFOPLIST_KEY_UILaunchScreen_Generation = YES;
				INFOPLIST_KEY_UILaunchStoryboardName = LaunchScreen.storyboard;
				INFOPLIST_KEY_UISupportedInterfaceOrientations = UIInterfaceOrientationPortrait;
				INFOPLIST_KEY_UISupportedInterfaceOrientations_iPad = "UIInterfaceOrientationLandscapeLeft UIInterfaceOrientationLandscapeRight UIInterfaceOrientationPortrait UIInterfaceOrientationPortraitUpsideDown";
				LD_RUNPATH_SEARCH_PATHS = (
					"$(inherited)",
					"@executable_path/Frameworks",
				);
				MARKETING_VERSION = 1.0;
				PRODUCT_BUNDLE_IDENTIFIER = com.edaeren.CertificateAppV2;
				PRODUCT_NAME = "$(TARGET_NAME)";
				SUPPORTED_PLATFORMS = "iphoneos iphonesimulator";
				SUPPORTS_MACCATALYST = NO;
				SWIFT_EMIT_LOC_STRINGS = YES;
				SWIFT_VERSION = 5.0;
				TARGETED_DEVICE_FAMILY = 1;
			};
			name = Release;
		};
/* End XCBuildConfiguration section */

/* Begin XCConfigurationList section */
		3CDD1FA12BA1A155009549E7 /* Build configuration list for PBXProject "CertificateAppV2" */ = {
			isa = XCConfigurationList;
			buildConfigurations = (
				3CDD1FB22BA1A156009549E7 /* Debug */,
				3CDD1FB32BA1A156009549E7 /* Release */,
			);
			defaultConfigurationIsVisible = 0;
			defaultConfigurationName = Release;
		};
		3CDD1FB42BA1A156009549E7 /* Build configuration list for PBXNativeTarget "CertificateAppV2" */ = {
			isa = XCConfigurationList;
			buildConfigurations = (
				3CDD1FB52BA1A156009549E7 /* Debug */,
				3CDD1FB62BA1A156009549E7 /* Release */,
			);
			defaultConfigurationIsVisible = 0;
			defaultConfigurationName = Release;
		};
/* End XCConfigurationList section */
	};
	rootObject = 3CDD1F9E2BA1A155009549E7 /* Project object */;
}
